
Microsoft Visual Studio Solution File, Format Version 12.00
# Visual Studio Version 16
VisualStudioVersion = 16.0.30114.105
MinimumVisualStudioVersion = 10.0.40219.1
Project("{FAE04EC0-301F-11D3-BF4B-00C04F79EFBC}") = "MorseCode", "MorseCode.csproj", "{ACAF0B61-0CC5-41B4-A9B6-C9DC4BBD3D96}"
EndProject
Global
	GlobalSection(SolutionConfigurationPlatforms) = preSolution
		Debug|Any CPU = Debug|Any CPU
		Release|Any CPU = Release|Any CPU
	EndGlobalSection
	GlobalSection(ProjectConfigurationPlatforms) = postSolution
		{ACAF0B61-0CC5-41B4-A9B6-C9DC4BBD3D96}.Debug|Any CPU.ActiveCfg = Debug|Any CPU
		{ACAF0B61-0CC5-41B4-A9B6-C9DC4BBD3D96}.Debug|Any CPU.Build.0 = Debug|Any CPU
		{ACAF0B61-0CC5-41B4-A9B6-C9DC4BBD3D96}.Release|Any CPU.ActiveCfg = Release|Any CPU
		{ACAF0B61-0CC5-41B4-A9B6-C9DC4BBD3D96}.Release|Any CPU.Build.0 = Release|Any CPU
	EndGlobalSection
	GlobalSection(SolutionProperties) = preSolution
		HideSolutionNode = FALSE
	EndGlobalSection
	GlobalSection(ExtensibilityGlobals) = postSolution
		SolutionGuid = {65A30455-5B82-4059-B7AC-B18BDF958F1F}
	EndGlobalSection
EndGlobal
